{
  "nodes": {
    "devshell": {
      "inputs": {
        "nixpkgs": [
          "nixvimcfg",
          "nixvim",
          "nixpkgs"
        ]
      },
      "locked": {
        "lastModified": 1728330715,
        "narHash": "sha256-xRJ2nPOXb//u1jaBnDP56M7v5ldavjbtR6lfGqSvcKg=",
        "owner": "numtide",
        "repo": "devshell",
        "rev": "dd6b80932022cea34a019e2bb32f6fa9e494dfef",
        "type": "github"
      },
      "original": {
        "owner": "numtide",
        "repo": "devshell",
        "type": "github"
      }
    },
    "disko": {
      "inputs": {
        "nixpkgs": [
          "nixpkgs-unstable"
        ]
      },
      "locked": {
        "lastModified": 1726842196,
        "narHash": "sha256-u9h03JQUuQJ607xmti9F9Eh6E96kKUAGP+aXWgwm70o=",
        "owner": "nix-community",
        "repo": "disko",
        "rev": "51994df8ba24d5db5459ccf17b6494643301ad28",
        "type": "github"
      },
      "original": {
        "owner": "nix-community",
        "repo": "disko",
        "type": "github"
      }
    },
    "flake-compat": {
      "locked": {
        "lastModified": 1696426674,
        "narHash": "sha256-kvjfFW7WAETZlt09AgDn1MrtKzP7t90Vf7vypd3OL1U=",
        "rev": "0f9255e01c2351cc7d116c072cb317785dd33b33",
        "revCount": 57,
        "type": "tarball",
        "url": "https://api.flakehub.com/f/pinned/edolstra/flake-compat/1.0.1/018afb31-abd1-7bff-a5e4-cff7e18efb7a/source.tar.gz"
      },
      "original": {
        "type": "tarball",
        "url": "https://flakehub.com/f/edolstra/flake-compat/1.tar.gz"
      }
    },
    "flake-parts": {
      "inputs": {
        "nixpkgs-lib": [
          "nixvimcfg",
          "nixvim",
          "nixpkgs"
        ]
      },
      "locked": {
        "lastModified": 1727826117,
        "narHash": "sha256-K5ZLCyfO/Zj9mPFldf3iwS6oZStJcU4tSpiXTMYaaL0=",
        "owner": "hercules-ci",
        "repo": "flake-parts",
        "rev": "3d04084d54bedc3d6b8b736c70ef449225c361b1",
        "type": "github"
      },
      "original": {
        "owner": "hercules-ci",
        "repo": "flake-parts",
        "type": "github"
      }
    },
    "flake-utils": {
      "inputs": {
        "systems": "systems"
      },
      "locked": {
        "lastModified": 1726560853,
        "narHash": "sha256-X6rJYSESBVr3hBoH0WbKE5KvhPU5bloyZ2L4K60/fPQ=",
        "owner": "numtide",
        "repo": "flake-utils",
        "rev": "c1dfcf08411b08f6b8615f7d8971a2bfa81d5e8a",
        "type": "github"
      },
      "original": {
        "owner": "numtide",
        "repo": "flake-utils",
        "type": "github"
      }
    },
    "flake-utils_2": {
      "inputs": {
        "systems": "systems_2"
      },
      "locked": {
        "lastModified": 1726560853,
        "narHash": "sha256-X6rJYSESBVr3hBoH0WbKE5KvhPU5bloyZ2L4K60/fPQ=",
        "owner": "numtide",
        "repo": "flake-utils",
        "rev": "c1dfcf08411b08f6b8615f7d8971a2bfa81d5e8a",
        "type": "github"
      },
      "original": {
        "owner": "numtide",
        "repo": "flake-utils",
        "type": "github"
      }
    },
    "git-hooks": {
      "inputs": {
        "flake-compat": [
          "nixvimcfg",
          "nixvim",
          "flake-compat"
        ],
        "gitignore": "gitignore",
        "nixpkgs": [
          "nixvimcfg",
          "nixvim",
          "nixpkgs"
        ],
        "nixpkgs-stable": [
          "nixvimcfg",
          "nixvim",
          "nixpkgs"
        ]
      },
      "locked": {
        "lastModified": 1729104314,
        "narHash": "sha256-pZRZsq5oCdJt3upZIU4aslS9XwFJ+/nVtALHIciX/BI=",
        "owner": "cachix",
        "repo": "git-hooks.nix",
        "rev": "3c3e88f0f544d6bb54329832616af7eb971b6be6",
        "type": "github"
      },
      "original": {
        "owner": "cachix",
        "repo": "git-hooks.nix",
        "type": "github"
      }
    },
    "gitignore": {
      "inputs": {
        "nixpkgs": [
          "nixvimcfg",
          "nixvim",
          "git-hooks",
          "nixpkgs"
        ]
      },
      "locked": {
        "lastModified": 1709087332,
        "narHash": "sha256-HG2cCnktfHsKV0s4XW83gU3F57gaTljL9KNSuG6bnQs=",
        "owner": "hercules-ci",
        "repo": "gitignore.nix",
        "rev": "637db329424fd7e46cf4185293b9cc8c88c95394",
        "type": "github"
      },
      "original": {
        "owner": "hercules-ci",
        "repo": "gitignore.nix",
        "type": "github"
      }
    },
    "home-manager": {
      "inputs": {
        "nixpkgs": [
          "nixvimcfg",
          "nixvim",
          "nixpkgs"
        ]
      },
      "locked": {
        "lastModified": 1729260213,
        "narHash": "sha256-jAvHoU/1y/yCuXzr2fNF+q6uKmr8Jj2xgAisK4QB9to=",
        "owner": "nix-community",
        "repo": "home-manager",
        "rev": "09a0c0c02953318bf94425738c7061ffdc4cba75",
        "type": "github"
      },
      "original": {
        "owner": "nix-community",
        "repo": "home-manager",
        "type": "github"
      }
    },
    "home-manager-2405": {
      "inputs": {
        "nixpkgs": [
          "nixpkgs-2405"
        ]
      },
      "locked": {
        "lastModified": 1726818100,
        "narHash": "sha256-z2V74f5vXqkN5Q+goFlhbFXY/dNaBAyeLpr2bxu4Eic=",
        "owner": "nix-community",
        "repo": "home-manager",
        "rev": "1bbc1a5a1f4de7401c92db85b2119ed21bb4139d",
        "type": "github"
      },
      "original": {
        "owner": "nix-community",
        "ref": "release-24.05",
        "repo": "home-manager",
        "type": "github"
      }
    },
    "home-manager-2411": {
      "inputs": {
        "nixpkgs": [
          "nixpkgs-2411"
        ]
      },
      "locked": {
        "lastModified": 1736373539,
        "narHash": "sha256-dinzAqCjenWDxuy+MqUQq0I4zUSfaCvN9rzuCmgMZJY=",
        "owner": "nix-community",
        "repo": "home-manager",
        "rev": "bd65bc3cde04c16755955630b344bc9e35272c56",
        "type": "github"
      },
      "original": {
        "owner": "nix-community",
        "ref": "release-24.11",
        "repo": "home-manager",
        "type": "github"
      }
    },
    "impermanence": {
      "locked": {
        "lastModified": 1725690722,
        "narHash": "sha256-4qWg9sNh5g1qPGO6d/GV2ktY+eDikkBTbWSg5/iD2nY=",
        "owner": "nix-community",
        "repo": "impermanence",
        "rev": "63f4d0443e32b0dd7189001ee1894066765d18a5",
        "type": "github"
      },
      "original": {
        "owner": "nix-community",
        "repo": "impermanence",
        "type": "github"
      }
    },
    "nix-darwin": {
      "inputs": {
        "nixpkgs": [
          "nixvimcfg",
          "nixvim",
          "nixpkgs"
        ]
      },
      "locked": {
        "lastModified": 1728901530,
        "narHash": "sha256-I9Qd0LnAsEGHtKE9+uVR0iDFmsijWSy7GT0g3jihG4Q=",
        "owner": "lnl7",
        "repo": "nix-darwin",
        "rev": "a60ac02f9466f85f092e576fd8364dfc4406b5a6",
        "type": "github"
      },
      "original": {
        "owner": "lnl7",
        "repo": "nix-darwin",
        "type": "github"
      }
    },
    "nixos-hardware": {
      "locked": {
        "lastModified": 1726724509,
        "narHash": "sha256-sVeAM1tgVi52S1e29fFBTPUAFSzgQwgLon3CrztXGm8=",
        "owner": "nixos",
        "repo": "nixos-hardware",
        "rev": "10d5e0ecc32984c1bf1a9a46586be3451c42fd94",
        "type": "github"
      },
      "original": {
        "owner": "nixos",
        "repo": "nixos-hardware",
        "type": "github"
      }
    },
    "nixpkgs": {
      "locked": {
        "lastModified": 1729665710,
        "narHash": "sha256-AlcmCXJZPIlO5dmFzV3V2XF6x/OpNWUV8Y/FMPGd8Z4=",
        "owner": "nixos",
        "repo": "nixpkgs",
        "rev": "2768c7d042a37de65bb1b5b3268fc987e534c49d",
        "type": "github"
      },
      "original": {
        "owner": "nixos",
        "ref": "nixos-unstable",
        "repo": "nixpkgs",
        "type": "github"
      }
    },
    "nixpkgs-2405": {
      "locked": {
        "lastModified": 1726688310,
        "narHash": "sha256-Xc9lEtentPCEtxc/F1e6jIZsd4MPDYv4Kugl9WtXlz0=",
        "owner": "nixos",
        "repo": "nixpkgs",
        "rev": "dbebdd67a6006bb145d98c8debf9140ac7e651d0",
        "type": "github"
      },
      "original": {
        "owner": "nixos",
        "ref": "nixos-24.05",
        "repo": "nixpkgs",
        "type": "github"
      }
    },
    "nixpkgs-2411": {
      "locked": {
        "lastModified": 1737672001,
        "narHash": "sha256-YnHJJ19wqmibLQdUeq9xzE6CjrMA568KN/lFPuSVs4I=",
        "owner": "nixos",
        "repo": "nixpkgs",
        "rev": "035f8c0853c2977b24ffc4d0a42c74f00b182cd8",
        "type": "github"
      },
      "original": {
        "owner": "nixos",
        "ref": "nixos-24.11",
        "repo": "nixpkgs",
        "type": "github"
      }
    },
    "nixpkgs-unstable": {
      "locked": {
        "lastModified": 1726745986,
        "narHash": "sha256-xB35C2fpz7iyNcj9sn0a+wM2C4CQ6DGTn5VUHogstYs=",
        "owner": "NixOS",
        "repo": "nixpkgs",
        "rev": "268bb5090a3c6ac5e1615b38542a868b52ef8088",
        "type": "github"
      },
      "original": {
        "owner": "NixOS",
        "ref": "nixpkgs-unstable",
        "repo": "nixpkgs",
        "type": "github"
      }
    },
    "nixvim": {
      "inputs": {
        "devshell": "devshell",
        "flake-compat": "flake-compat",
        "flake-parts": "flake-parts",
        "git-hooks": "git-hooks",
        "home-manager": "home-manager",
        "nix-darwin": "nix-darwin",
        "nixpkgs": [
          "nixvimcfg",
          "nixpkgs"
        ],
        "nuschtosSearch": "nuschtosSearch",
        "treefmt-nix": "treefmt-nix"
      },
      "locked": {
        "lastModified": 1729532160,
        "narHash": "sha256-Nxpp4vrnMw9R43iWTfsId8vadk7vQk33duanvIQ3V9w=",
        "owner": "nix-community",
        "repo": "nixvim",
        "rev": "0562e519ec0e69125c5edc917d41bccb54a534fd",
        "type": "github"
      },
      "original": {
        "owner": "nix-community",
        "repo": "nixvim",
        "type": "github"
      }
    },
    "nixvimcfg": {
      "inputs": {
        "flake-utils": "flake-utils",
        "nixpkgs": "nixpkgs",
        "nixvim": "nixvim"
      },
      "locked": {
        "lastModified": 1729989887,
        "narHash": "sha256-PujQcD7HuRQo+c4qIRJo9AmpgNp61IBLuv0sNoNmVHU=",
        "owner": "djacu",
        "repo": "nixvimcfg",
        "rev": "df7a79001912990ccdda31101c1670bf9f76813f",
        "type": "github"
      },
      "original": {
        "owner": "djacu",
        "repo": "nixvimcfg",
        "type": "github"
      }
    },
    "nur": {
      "locked": {
        "lastModified": 1726885747,
        "narHash": "sha256-y24Q3wfj3hg2jwkcOoRX6UCTX3nT1Z5g+plrQtHznHU=",
        "owner": "nix-community",
        "repo": "nur",
        "rev": "ee7ba7bc1e6ac987a4de9a910fbd9ce5a98f6b63",
        "type": "github"
      },
      "original": {
        "owner": "nix-community",
        "repo": "nur",
        "type": "github"
      }
    },
    "nuschtosSearch": {
      "inputs": {
        "flake-utils": "flake-utils_2",
        "nixpkgs": [
          "nixvimcfg",
          "nixvim",
          "nixpkgs"
        ]
      },
      "locked": {
        "lastModified": 1728905062,
        "narHash": "sha256-W/lClt0bRgFRO0WFtytX/LEILpPNq+FOjIfESpkeu5c=",
        "owner": "NuschtOS",
        "repo": "search",
        "rev": "f82d3e1c1c9d1eaeb91878519e2d27b27c66ce84",
        "type": "github"
      },
      "original": {
        "owner": "NuschtOS",
        "repo": "search",
        "type": "github"
      }
    },
    "root": {
      "inputs": {
        "disko": "disko",
        "home-manager-2405": "home-manager-2405",
        "home-manager-2411": "home-manager-2411",
        "impermanence": "impermanence",
        "nixos-hardware": "nixos-hardware",
        "nixpkgs-2405": "nixpkgs-2405",
        "nixpkgs-2411": "nixpkgs-2411",
        "nixpkgs-unstable": "nixpkgs-unstable",
        "nixvimcfg": "nixvimcfg",
        "nur": "nur"
      }
    },
    "systems": {
      "locked": {
        "lastModified": 1681028828,
        "narHash": "sha256-Vy1rq5AaRuLzOxct8nz4T6wlgyUR7zLU309k9mBC768=",
        "owner": "nix-systems",
        "repo": "default",
        "rev": "da67096a3b9bf56a91d16901293e51ba5b49a27e",
        "type": "github"
      },
      "original": {
        "owner": "nix-systems",
        "repo": "default",
        "type": "github"
      }
    },
    "systems_2": {
      "locked": {
        "lastModified": 1681028828,
        "narHash": "sha256-Vy1rq5AaRuLzOxct8nz4T6wlgyUR7zLU309k9mBC768=",
        "owner": "nix-systems",
        "repo": "default",
        "rev": "da67096a3b9bf56a91d16901293e51ba5b49a27e",
        "type": "github"
      },
      "original": {
        "owner": "nix-systems",
        "repo": "default",
        "type": "github"
      }
    },
    "treefmt-nix": {
      "inputs": {
        "nixpkgs": [
          "nixvimcfg",
          "nixvim",
          "nixpkgs"
        ]
      },
      "locked": {
        "lastModified": 1729242555,
        "narHash": "sha256-6jWSWxv2crIXmYSEb3LEVsFkCkyVHNllk61X4uhqfCs=",
        "owner": "numtide",
        "repo": "treefmt-nix",
        "rev": "d986489c1c757f6921a48c1439f19bfb9b8ecab5",
        "type": "github"
      },
      "original": {
        "owner": "numtide",
        "repo": "treefmt-nix",
        "type": "github"
      }
    }
  },
  "root": "root",
  "version": 7
}
