{
  "nodes": {
    "disko": {
      "inputs": {
        "nixpkgs": [
          "nixpkgs-unstable"
        ]
      },
      "locked": {
        "lastModified": 1718242063,
        "narHash": "sha256-n3AWItJ4a94GT0cray/eUV7tt3mulQ52L+lWJN9d1E8=",
        "owner": "nix-community",
        "repo": "disko",
        "rev": "832a9f2c81ff3485404bd63952eadc17bf7ccef2",
        "type": "github"
      },
      "original": {
        "owner": "nix-community",
        "repo": "disko",
        "type": "github"
      }
    },
    "home-manager-2405": {
      "inputs": {
        "nixpkgs": [
          "nixpkgs-2405"
        ]
      },
      "locked": {
        "lastModified": 1718530513,
        "narHash": "sha256-BmO8d0r+BVlwWtMLQEYnwmngqdXIuyFzMwvmTcLMee8=",
        "owner": "nix-community",
        "repo": "home-manager",
        "rev": "a1fddf0967c33754271761d91a3d921772b30d0e",
        "type": "github"
      },
      "original": {
        "owner": "nix-community",
        "ref": "release-24.05",
        "repo": "home-manager",
        "type": "github"
      }
    },
    "impermanence": {
      "locked": {
        "lastModified": 1717932370,
        "narHash": "sha256-7C5lCpiWiyPoIACOcu2mukn/1JRtz6HC/1aEMhUdcw0=",
        "owner": "nix-community",
        "repo": "impermanence",
        "rev": "27979f1c3a0d3b9617a3563e2839114ba7d48d3f",
        "type": "github"
      },
      "original": {
        "owner": "nix-community",
        "repo": "impermanence",
        "type": "github"
      }
    },
    "nixos-hardware": {
      "locked": {
        "lastModified": 1718548414,
        "narHash": "sha256-1obyIuQPR/Kq1j5/i/5EuAfQrDwjYnjCDG8iLtXmBhQ=",
        "owner": "nixos",
        "repo": "nixos-hardware",
        "rev": "cde8f7e11f036160b0fd6a9e07dc4c8e4061cf06",
        "type": "github"
      },
      "original": {
        "owner": "nixos",
        "repo": "nixos-hardware",
        "type": "github"
      }
    },
    "nixpkgs-2405": {
      "locked": {
        "lastModified": 1718437845,
        "narHash": "sha256-ZT7Oc1g4I4pHVGGjQFnewFVDRLH5cIZhEzODLz9YXeY=",
        "owner": "nixos",
        "repo": "nixpkgs",
        "rev": "752c634c09ceb50c45e751f8791cb45cb3d46c9e",
        "type": "github"
      },
      "original": {
        "owner": "nixos",
        "ref": "nixos-24.05",
        "repo": "nixpkgs",
        "type": "github"
      }
    },
    "nixpkgs-unstable": {
      "locked": {
        "lastModified": 1718276985,
        "narHash": "sha256-u1fA0DYQYdeG+5kDm1bOoGcHtX0rtC7qs2YA2N1X++I=",
        "owner": "NixOS",
        "repo": "nixpkgs",
        "rev": "3f84a279f1a6290ce154c5531378acc827836fbb",
        "type": "github"
      },
      "original": {
        "owner": "NixOS",
        "ref": "nixpkgs-unstable",
        "repo": "nixpkgs",
        "type": "github"
      }
    },
    "root": {
      "inputs": {
        "disko": "disko",
        "home-manager-2405": "home-manager-2405",
        "impermanence": "impermanence",
        "nixos-hardware": "nixos-hardware",
        "nixpkgs-2405": "nixpkgs-2405",
        "nixpkgs-unstable": "nixpkgs-unstable"
      }
    }
  },
  "root": "root",
  "version": 7
}
